// !$*UTF8*$!
{
	archiveVersion = 1;
	classes = {
	};
	objectVersion = 55;
	objects = {

/* Begin PBXBuildFile section */
		56A6887D2887411A00776903 /* AppDelegate.swift in Sources */ = {isa = PBXBuildFile; fileRef = 56A6887C2887411A00776903 /* AppDelegate.swift */; };
		56A6887F2887411A00776903 /* SceneDelegate.swift in Sources */ = {isa = PBXBuildFile; fileRef = 56A6887E2887411A00776903 /* SceneDelegate.swift */; };
		56A688812887411A00776903 /* ViewController.swift in Sources */ = {isa = PBXBuildFile; fileRef = 56A688802887411A00776903 /* ViewController.swift */; };
		56A688842887411A00776903 /* Main.storyboard in Resources */ = {isa = PBXBuildFile; fileRef = 56A688822887411A00776903 /* Main.storyboard */; };
		56A688862887411C00776903 /* Assets.xcassets in Resources */ = {isa = PBXBuildFile; fileRef = 56A688852887411C00776903 /* Assets.xcassets */; };
		56A688892887411C00776903 /* LaunchScreen.storyboard in Resources */ = {isa = PBXBuildFile; fileRef = 56A688872887411C00776903 /* LaunchScreen.storyboard */; };
		56A688912888466800776903 /* readme in Resources */ = {isa = PBXBuildFile; fileRef = 56A688902888466800776903 /* readme */; };
		56A688932888469700776903 /* simulator_screenshot_830E06F2-7209-4366-823E-F056C76D7CC3.png in Resources */ = {isa = PBXBuildFile; fileRef = 56A688922888469700776903 /* simulator_screenshot_830E06F2-7209-4366-823E-F056C76D7CC3.png */; };
		56A68895288846ED00776903 /* simulator_screenshot_9001A5B9-AE25-4CB3-B0FD-2E4E4A7313FD.png in Resources */ = {isa = PBXBuildFile; fileRef = 56A68894288846ED00776903 /* simulator_screenshot_9001A5B9-AE25-4CB3-B0FD-2E4E4A7313FD.png */; };
/* End PBXBuildFile section */

/* Begin PBXFileReference section */
		56A688792887411A00776903 /* expandable_cells_table_view.app */ = {isa = PBXFileReference; explicitFileType = wrapper.application; includeInIndex = 0; path = expandable_cells_table_view.app; sourceTree = BUILT_PRODUCTS_DIR; };
		56A6887C2887411A00776903 /* AppDelegate.swift */ = {isa = PBXFileReference; lastKnownFileType = sourcecode.swift; path = AppDelegate.swift; sourceTree = "<group>"; };
		56A6887E2887411A00776903 /* SceneDelegate.swift */ = {isa = PBXFileReference; lastKnownFileType = sourcecode.swift; path = SceneDelegate.swift; sourceTree = "<group>"; };
		56A688802887411A00776903 /* ViewController.swift */ = {isa = PBXFileReference; lastKnownFileType = sourcecode.swift; path = ViewController.swift; sourceTree = "<group>"; };
		56A688832887411A00776903 /* Base */ = {isa = PBXFileReference; lastKnownFileType = file.storyboard; name = Base; path = Base.lproj/Main.storyboard; sourceTree = "<group>"; };
		56A688852887411C00776903 /* Assets.xcassets */ = {isa = PBXFileReference; lastKnownFileType = folder.assetcatalog; path = Assets.xcassets; sourceTree = "<group>"; };
		56A688882887411C00776903 /* Base */ = {isa = PBXFileReference; lastKnownFileType = file.storyboard; name = Base; path = Base.lproj/LaunchScreen.storyboard; sourceTree = "<group>"; };
		56A6888A2887411C00776903 /* Info.plist */ = {isa = PBXFileReference; lastKnownFileType = text.plist.xml; path = Info.plist; sourceTree = "<group>"; };
		56A688902888466800776903 /* readme */ = {isa = PBXFileReference; fileEncoding = 4; lastKnownFileType = text; path = readme; sourceTree = SOURCE_ROOT; };
		56A688922888469700776903 /* simulator_screenshot_830E06F2-7209-4366-823E-F056C76D7CC3.png */ = {isa = PBXFileReference; lastKnownFileType = image.png; path = "simulator_screenshot_830E06F2-7209-4366-823E-F056C76D7CC3.png"; sourceTree = "<group>"; };
		56A68894288846ED00776903 /* simulator_screenshot_9001A5B9-AE25-4CB3-B0FD-2E4E4A7313FD.png */ = {isa = PBXFileReference; lastKnownFileType = image.png; path = "simulator_screenshot_9001A5B9-AE25-4CB3-B0FD-2E4E4A7313FD.png"; sourceTree = "<group>"; };
/* End PBXFileReference section */

/* Begin PBXFrameworksBuildPhase section */
		56A688762887411A00776903 /* Frameworks */ = {
			isa = PBXFrameworksBuildPhase;
			buildActionMask = 2147483647;
			files = (
			);
			runOnlyForDeploymentPostprocessing = 0;
		};
/* End PBXFrameworksBuildPhase section */

/* Begin PBXGroup section */
		56A688702887411A00776903 = {
			isa = PBXGroup;
			children = (
				56A688902888466800776903 /* readme */,
				56A6887B2887411A00776903 /* expandable_cells_table_view */,
				56A6887A2887411A00776903 /* Products */,
			);
			sourceTree = "<group>";
		};
		56A6887A2887411A00776903 /* Products */ = {
			isa = PBXGroup;
			children = (
				56A688792887411A00776903 /* expandable_cells_table_view.app */,
			);
			name = Products;
			sourceTree = "<group>";
		};
		56A6887B2887411A00776903 /* expandable_cells_table_view */ = {
			isa = PBXGroup;
			children = (
				56A6887C2887411A00776903 /* AppDelegate.swift */,
				56A6887E2887411A00776903 /* SceneDelegate.swift */,
				56A688802887411A00776903 /* ViewController.swift */,
				56A688822887411A00776903 /* Main.storyboard */,
				56A688852887411C00776903 /* Assets.xcassets */,
				56A688872887411C00776903 /* LaunchScreen.storyboard */,
				56A6888A2887411C00776903 /* Info.plist */,
				56A688922888469700776903 /* simulator_screenshot_830E06F2-7209-4366-823E-F056C76D7CC3.png */,
				56A68894288846ED00776903 /* simulator_screenshot_9001A5B9-AE25-4CB3-B0FD-2E4E4A7313FD.png */,
			);
			path = expandable_cells_table_view;
			sourceTree = "<group>";
		};
/* End PBXGroup section */

/* Begin PBXNativeTarget section */
		56A688782887411A00776903 /* expandable_cells_table_view */ = {
			isa = PBXNativeTarget;
			buildConfigurationList = 56A6888D2887411C00776903 /* Build configuration list for PBXNativeTarget "expandable_cells_table_view" */;
			buildPhases = (
				56A688752887411A00776903 /* Sources */,
				56A688762887411A00776903 /* Frameworks */,
				56A688772887411A00776903 /* Resources */,
			);
			buildRules = (
			);
			dependencies = (
			);
			name = expandable_cells_table_view;
			productName = expandable_cells_table_view;
			productReference = 56A688792887411A00776903 /* expandable_cells_table_view.app */;
			productType = "com.apple.product-type.application";
		};
/* End PBXNativeTarget section */

/* Begin PBXProject section */
		56A688712887411A00776903 /* Project object */ = {
			isa = PBXProject;
			attributes = {
				BuildIndependentTargetsInParallel = 1;
				LastSwiftUpdateCheck = 1340;
				LastUpgradeCheck = 1340;
				TargetAttributes = {
					56A688782887411A00776903 = {
						CreatedOnToolsVersion = 13.4.1;
					};
				};
			};
			buildConfigurationList = 56A688742887411A00776903 /* Build configuration list for PBXProject "expandable_cells_table_view" */;
			compatibilityVersion = "Xcode 13.0";
			developmentRegion = en;
			hasScannedForEncodings = 0;
			knownRegions = (
				en,
				Base,
			);
			mainGroup = 56A688702887411A00776903;
			productRefGroup = 56A6887A2887411A00776903 /* Products */;
			projectDirPath = "";
			projectRoot = "";
			targets = (
				56A688782887411A00776903 /* expandable_cells_table_view */,
			);
		};
/* End PBXProject section */

/* Begin PBXResourcesBuildPhase section */
		56A688772887411A00776903 /* Resources */ = {
			isa = PBXResourcesBuildPhase;
			buildActionMask = 2147483647;
			files = (
				56A688912888466800776903 /* readme in Resources */,
				56A688932888469700776903 /* simulator_screenshot_830E06F2-7209-4366-823E-F056C76D7CC3.png in Resources */,
				56A688892887411C00776903 /* LaunchScreen.storyboard in Resources */,
				56A68895288846ED00776903 /* simulator_screenshot_9001A5B9-AE25-4CB3-B0FD-2E4E4A7313FD.png in Resources */,
				56A688862887411C00776903 /* Assets.xcassets in Resources */,
				56A688842887411A00776903 /* Main.storyboard in Resources */,
			);
			runOnlyForDeploymentPostprocessing = 0;
		};
/* End PBXResourcesBuildPhase section */

/* Begin PBXSourcesBuildPhase section */
		56A688752887411A00776903 /* Sources */ = {
			isa = PBXSourcesBuildPhase;
			buildActionMask = 2147483647;
			files = (
				56A688812887411A00776903 /* ViewController.swift in Sources */,
				56A6887D2887411A00776903 /* AppDelegate.swift in Sources */,
				56A6887F2887411A00776903 /* SceneDelegate.swift in Sources */,
			);
			runOnlyForDeploymentPostprocessing = 0;
		};
/* End PBXSourcesBuildPhase section */

/* Begin PBXVariantGroup section */
		56A688822887411A00776903 /* Main.storyboard */ = {
			isa = PBXVariantGroup;
			children = (
				56A688832887411A00776903 /* Base */,
			);
			name = Main.storyboard;
			sourceTree = "<group>";
		};
		56A688872887411C00776903 /* LaunchScreen.storyboard */ = {
			isa = PBXVariantGroup;
			children = (
				56A688882887411C00776903 /* Base */,
			);
			name = LaunchScreen.storyboard;
			sourceTree = "<group>";
		};
/* End PBXVariantGroup section */

/* Begin XCBuildConfiguration section */
		56A6888B2887411C00776903 /* Debug */ = {
			isa = XCBuildConfiguration;
			buildSettings = {
				ALWAYS_SEARCH_USER_PATHS = NO;
				CLANG_ANALYZER_NONNULL = YES;
				CLANG_ANALYZER_NUMBER_OBJECT_CONVERSION = YES_AGGRESSIVE;
				CLANG_CXX_LANGUAGE_STANDARD = "gnu++17";
				CLANG_ENABLE_MODULES = YES;
				CLANG_ENABLE_OBJC_ARC = YES;
				CLANG_ENABLE_OBJC_WEAK = YES;
				CLANG_WARN_BLOCK_CAPTURE_AUTORELEASING = YES;
				CLANG_WARN_BOOL_CONVERSION = YES;
				CLANG_WARN_COMMA = YES;
				CLANG_WARN_CONSTANT_CONVERSION = YES;
				CLANG_WARN_DEPRECATED_OBJC_IMPLEMENTATIONS = YES;
				CLANG_WARN_DIRECT_OBJC_ISA_USAGE = YES_ERROR;
				CLANG_WARN_DOCUMENTATION_COMMENTS = YES;
				CLANG_WARN_EMPTY_BODY = YES;
				CLANG_WARN_ENUM_CONVERSION = YES;
				CLANG_WARN_INFINITE_RECURSION = YES;
				CLANG_WARN_INT_CONVERSION = YES;
				CLANG_WARN_NON_LITERAL_NULL_CONVERSION = YES;
				CLANG_WARN_OBJC_IMPLICIT_RETAIN_SELF = YES;
				CLANG_WARN_OBJC_LITERAL_CONVERSION = YES;
				CLANG_WARN_OBJC_ROOT_CLASS = YES_ERROR;
				CLANG_WARN_QUOTED_INCLUDE_IN_FRAMEWORK_HEADER = YES;
				CLANG_WARN_RANGE_LOOP_ANALYSIS = YES;
				CLANG_WARN_STRICT_PROTOTYPES = YES;
				CLANG_WARN_SUSPICIOUS_MOVE = YES;
				CLANG_WARN_UNGUARDED_AVAILABILITY = YES_AGGRESSIVE;
				CLANG_WARN_UNREACHABLE_CODE = YES;
				CLANG_WARN__DUPLICATE_METHOD_MATCH = YES;
				COPY_PHASE_STRIP = NO;
				DEBUG_INFORMATION_FORMAT = dwarf;
				ENABLE_STRICT_OBJC_MSGSEND = YES;
				ENABLE_TESTABILITY = YES;
				GCC_C_LANGUAGE_STANDARD = gnu11;
				GCC_DYNAMIC_NO_PIC = NO;
				GCC_NO_COMMON_BLOCKS = YES;
				GCC_OPTIMIZATION_LEVEL = 0;
				GCC_PREPROCESSOR_DEFINITIONS = (
					"DEBUG=1",
					"$(inherited)",
				);
				GCC_WARN_64_TO_32_BIT_CONVERSION = YES;
				GCC_WARN_ABOUT_RETURN_TYPE = YES_ERROR;
				GCC_WARN_UNDECLARED_SELECTOR = YES;
				GCC_WARN_UNINITIALIZED_AUTOS = YES_AGGRESSIVE;
				GCC_WARN_UNUSED_FUNCTION = YES;
				GCC_WARN_UNUSED_VARIABLE = YES;
				IPHONEOS_DEPLOYMENT_TARGET = 15.5;
				MTL_ENABLE_DEBUG_INFO = INCLUDE_SOURCE;
				MTL_FAST_MATH = YES;
				ONLY_ACTIVE_ARCH = YES;
				SDKROOT = iphoneos;
				SWIFT_ACTIVE_COMPILATION_CONDITIONS = DEBUG;
				SWIFT_OPTIMIZATION_LEVEL = "-Onone";
			};
			name = Debug;
		};
		56A6888C2887411C00776903 /* Release */ = {
			isa = XCBuildConfiguration;
			buildSettings = {
				ALWAYS_SEARCH_USER_PATHS = NO;
				CLANG_ANALYZER_NONNULL = YES;
				CLANG_ANALYZER_NUMBER_OBJECT_CONVERSION = YES_AGGRESSIVE;
				CLANG_CXX_LANGUAGE_STANDARD = "gnu++17";
				CLANG_ENABLE_MODULES = YES;
				CLANG_ENABLE_OBJC_ARC = YES;
				CLANG_ENABLE_OBJC_WEAK = YES;
				CLANG_WARN_BLOCK_CAPTURE_AUTORELEASING = YES;
				CLANG_WARN_BOOL_CONVERSION = YES;
				CLANG_WARN_COMMA = YES;
				CLANG_WARN_CONSTANT_CONVERSION = YES;
				CLANG_WARN_DEPRECATED_OBJC_IMPLEMENTATIONS = YES;
				CLANG_WARN_DIRECT_OBJC_ISA_USAGE = YES_ERROR;
				CLANG_WARN_DOCUMENTATION_COMMENTS = YES;
				CLANG_WARN_EMPTY_BODY = YES;
				CLANG_WARN_ENUM_CONVERSION = YES;
				CLANG_WARN_INFINITE_RECURSION = YES;
				CLANG_WARN_INT_CONVERSION = YES;
				CLANG_WARN_NON_LITERAL_NULL_CONVERSION = YES;
				CLANG_WARN_OBJC_IMPLICIT_RETAIN_SELF = YES;
				CLANG_WARN_OBJC_LITERAL_CONVERSION = YES;
				CLANG_WARN_OBJC_ROOT_CLASS = YES_ERROR;
				CLANG_WARN_QUOTED_INCLUDE_IN_FRAMEWORK_HEADER = YES;
				CLANG_WARN_RANGE_LOOP_ANALYSIS = YES;
				CLANG_WARN_STRICT_PROTOTYPES = YES;
				CLANG_WARN_SUSPICIOUS_MOVE = YES;
				CLANG_WARN_UNGUARDED_AVAILABILITY = YES_AGGRESSIVE;
				CLANG_WARN_UNREACHABLE_CODE = YES;
				CLANG_WARN__DUPLICATE_METHOD_MATCH = YES;
				COPY_PHASE_STRIP = NO;
				DEBUG_INFORMATION_FORMAT = "dwarf-with-dsym";
				ENABLE_NS_ASSERTIONS = NO;
				ENABLE_STRICT_OBJC_MSGSEND = YES;
				GCC_C_LANGUAGE_STANDARD = gnu11;
				GCC_NO_COMMON_BLOCKS = YES;
				GCC_WARN_64_TO_32_BIT_CONVERSION = YES;
				GCC_WARN_ABOUT_RETURN_TYPE = YES_ERROR;
				GCC_WARN_UNDECLARED_SELECTOR = YES;
				GCC_WARN_UNINITIALIZED_AUTOS = YES_AGGRESSIVE;
				GCC_WARN_UNUSED_FUNCTION = YES;
				GCC_WARN_UNUSED_VARIABLE = YES;
				IPHONEOS_DEPLOYMENT_TARGET = 15.5;
				MTL_ENABLE_DEBUG_INFO = NO;
				MTL_FAST_MATH = YES;
				SDKROOT = iphoneos;
				SWIFT_COMPILATION_MODE = wholemodule;
				SWIFT_OPTIMIZATION_LEVEL = "-O";
				VALIDATE_PRODUCT = YES;
			};
			name = Release;
		};
		56A6888E2887411C00776903 /* Debug */ = {
			isa = XCBuildConfiguration;
			buildSettings = {
				ASSETCATALOG_COMPILER_APPICON_NAME = AppIcon;
				ASSETCATALOG_COMPILER_GLOBAL_ACCENT_COLOR_NAME = AccentColor;
				CODE_SIGN_STYLE = Automatic;
				CURRENT_PROJECT_VERSION = 1;
				DEVELOPMENT_TEAM = RHPLRY9X9P;
				GENERATE_INFOPLIST_FILE = YES;
				INFOPLIST_FILE = expandable_cells_table_view/Info.plist;
				INFOPLIST_KEY_UIApplicationSupportsIndirectInputEvents = YES;
				INFOPLIST_KEY_UILaunchStoryboardName = LaunchScreen;
				INFOPLIST_KEY_UIMainStoryboardFile = Main;
				INFOPLIST_KEY_UISupportedInterfaceOrientations_iPad = "UIInterfaceOrientationPortrait UIInterfaceOrientationPortraitUpsideDown UIInterfaceOrientationLandscapeLeft UIInterfaceOrientationLandscapeRight";
				INFOPLIST_KEY_UISupportedInterfaceOrientations_iPhone = "UIInterfaceOrientationPortrait UIInterfaceOrientationLandscapeLeft UIInterfaceOrientationLandscapeRight";
				LD_RUNPATH_SEARCH_PATHS = (
					"$(inherited)",
					"@executable_path/Frameworks",
				);
				MARKETING_VERSION = 1.0;
				PRODUCT_BUNDLE_IDENTIFIER = "kessenma.expandable-cells-table-view";
				PRODUCT_NAME = "$(TARGET_NAME)";
				SWIFT_EMIT_LOC_STRINGS = YES;
				SWIFT_VERSION = 5.0;
				TARGETED_DEVICE_FAMILY = "1,2";
			};
			name = Debug;
		};
		56A6888F2887411C00776903 /* Release */ = {
			isa = XCBuildConfiguration;
			buildSettings = {
				ASSETCATALOG_COMPILER_APPICON_NAME = AppIcon;
				ASSETCATALOG_COMPILER_GLOBAL_ACCENT_COLOR_NAME = AccentColor;
				CODE_SIGN_STYLE = Automatic;
				CURRENT_PROJECT_VERSION = 1;
				DEVELOPMENT_TEAM = RHPLRY9X9P;
				GENERATE_INFOPLIST_FILE = YES;
				INFOPLIST_FILE = expandable_cells_table_view/Info.plist;
				INFOPLIST_KEY_UIApplicationSupportsIndirectInputEvents = YES;
				INFOPLIST_KEY_UILaunchStoryboardName = LaunchScreen;
				INFOPLIST_KEY_UIMainStoryboardFile = Main;
				INFOPLIST_KEY_UISupportedInterfaceOrientations_iPad = "UIInterfaceOrientationPortrait UIInterfaceOrientationPortraitUpsideDown UIInterfaceOrientationLandscapeLeft UIInterfaceOrientationLandscapeRight";
				INFOPLIST_KEY_UISupportedInterfaceOrientations_iPhone = "UIInterfaceOrientationPortrait UIInterfaceOrientationLandscapeLeft UIInterfaceOrientationLandscapeRight";
				LD_RUNPATH_SEARCH_PATHS = (
					"$(inherited)",
					"@executable_path/Frameworks",
				);
				MARKETING_VERSION = 1.0;
				PRODUCT_BUNDLE_IDENTIFIER = "kessenma.expandable-cells-table-view";
				PRODUCT_NAME = "$(TARGET_NAME)";
				SWIFT_EMIT_LOC_STRINGS = YES;
				SWIFT_VERSION = 5.0;
				TARGETED_DEVICE_FAMILY = "1,2";
			};
			name = Release;
		};
/* End XCBuildConfiguration section */

/* Begin XCConfigurationList section */
		56A688742887411A00776903 /* Build configuration list for PBXProject "expandable_cells_table_view" */ = {
			isa = XCConfigurationList;
			buildConfigurations = (
				56A6888B2887411C00776903 /* Debug */,
				56A6888C2887411C00776903 /* Release */,
			);
			defaultConfigurationIsVisible = 0;
			defaultConfigurationName = Release;
		};
		56A6888D2887411C00776903 /* Build configuration list for PBXNativeTarget "expandable_cells_table_view" */ = {
			isa = XCConfigurationList;
			buildConfigurations = (
				56A6888E2887411C00776903 /* Debug */,
				56A6888F2887411C00776903 /* Release */,
			);
			defaultConfigurationIsVisible = 0;
			defaultConfigurationName = Release;
		};
/* End XCConfigurationList section */
	};
	rootObject = 56A688712887411A00776903 /* Project object */;
}
